
Microsoft Visual Studio Solution File, Format Version 12.00
# Visual Studio Version 16
VisualStudioVersion = 16.0.29009.5
MinimumVisualStudioVersion = 10.0.40219.1
Project("{FAE04EC0-301F-11D3-BF4B-00C04F79EFBC}") = "Bucky001_FirstProject", "Bucky001_FirstProject\Bucky001_FirstProject.csproj", "{7DF00E7E-E00F-4AD8-A5A2-92AD0E5350A4}"
EndProject
Project("{FAE04EC0-301F-11D3-BF4B-00C04F79EFBC}") = "Bucky003_ShowingMessageBoxes", "Bucky003_ShowingMessageBoxes\Bucky003_ShowingMessageBoxes.csproj", "{FBFB1D1B-AA03-4E23-AD16-780434407381}"
EndProject
Project("{FAE04EC0-301F-11D3-BF4B-00C04F79EFBC}") = "Bucky004_Variables", "Bucky004_Variables\Bucky004_Variables.csproj", "{3DD68041-0EE7-4071-A18A-51CB0DC18763}"
EndProject
Project("{FAE04EC0-301F-11D3-BF4B-00C04F79EFBC}") = "Bucky005_ChangingPropertiesWithCode", "Bucky005_ChangingPropertiesWithCode\Bucky005_ChangingPropertiesWithCode.csproj", "{2463749E-9B6B-4DA6-A99E-98B53487B17E}"
EndProject
Project("{FAE04EC0-301F-11D3-BF4B-00C04F79EFBC}") = "Bucky006_IfStatements", "Bucky006_IfStatements\Bucky006_IfStatements.csproj", "{B605976D-07A0-48DA-AEC8-FB3AB55FDFB3}"
EndProject
Project("{FAE04EC0-301F-11D3-BF4B-00C04F79EFBC}") = "Bucky007_MoreOnIfStatements", "Bucky007_MoreOnIfStatements\Bucky007_MoreOnIfStatements.csproj", "{2E52D5D4-48AC-4DA8-9ED6-181D11D9252B}"
EndProject
Project("{FAE04EC0-301F-11D3-BF4B-00C04F79EFBC}") = "Bucky008_IfStatements_Part3", "Bucky008_IfStatements_Part3\Bucky008_IfStatements_Part3.csproj", "{A513138C-F111-4F73-8E4E-74E638CF6A4C}"
EndProject
Project("{FAE04EC0-301F-11D3-BF4B-00C04F79EFBC}") = "Bucky009_SwitchStatements", "Bucky009_SwitchStatements\Bucky009_SwitchStatements.csproj", "{108F9AAD-0FCE-4AC3-AD7E-A8D7F9FA1BE7}"
EndProject
Project("{FAE04EC0-301F-11D3-BF4B-00C04F79EFBC}") = "Bucky010_MathematicalOperators", "Bucky010_MathematicalOperators\Bucky010_MathematicalOperators.csproj", "{2925B902-D953-425B-9E98-65E757D32999}"
EndProject
Project("{FAE04EC0-301F-11D3-BF4B-00C04F79EFBC}") = "Bucky011_Arrays", "Bucky011_Arrays\Bucky011_Arrays.csproj", "{97AB7F37-8F77-4CD3-A425-4085917B13DB}"
EndProject
Project("{FAE04EC0-301F-11D3-BF4B-00C04F79EFBC}") = "Bucky012_Lists", "Bucky012_Lists\Bucky012_Lists.csproj", "{EB56B9DD-BBF9-46C7-A3BD-81189320FD2E}"
EndProject
Project("{FAE04EC0-301F-11D3-BF4B-00C04F79EFBC}") = "Bucky013_ForAndForeachLoop", "Bucky013_ForAndForeachLoop\Bucky013_ForAndForeachLoop.csproj", "{98CD4D80-998A-4D91-B5E2-04D23A6DF373}"
EndProject
Project("{FAE04EC0-301F-11D3-BF4B-00C04F79EFBC}") = "Bucky015_TryCatchFinally", "Bucky015_TryCatchFinally\Bucky015_TryCatchFinally.csproj", "{6576C887-592F-4FB1-8AE2-FBBF088A313D}"
EndProject
Project("{FAE04EC0-301F-11D3-BF4B-00C04F79EFBC}") = "Bucky014_DoAndDoWhileLoop", "Bucky014_DoAndDoWhileLoop\Bucky014_DoAndDoWhileLoop.csproj", "{0F64405E-DC46-41F2-B13F-86092FCBCE28}"
EndProject
Project("{FAE04EC0-301F-11D3-BF4B-00C04F79EFBC}") = "Bucky016_MethodsPart1", "Bucky016_MethodsPart1\Bucky016_MethodsPart1.csproj", "{A737CEFF-3F1A-4A51-96F1-9EE68F9B6240}"
EndProject
Project("{FAE04EC0-301F-11D3-BF4B-00C04F79EFBC}") = "Bucky017_MethodsPart2", "Bucky017_MethodsPart2\Bucky017_MethodsPart2.csproj", "{5EF09ECA-D0C6-4C72-889F-E638F4E01156}"
EndProject
Project("{FAE04EC0-301F-11D3-BF4B-00C04F79EFBC}") = "Bucky018_ContinueAndBreak", "Bucky018_ContinueAndBreak\Bucky018_ContinueAndBreak.csproj", "{001A4AF1-C6B7-4E1B-A88D-A3873AAF2421}"
EndProject
Project("{FAE04EC0-301F-11D3-BF4B-00C04F79EFBC}") = "Bucky019_NamespacesAndClasses", "Bucky019_NamespacesAndClasses\Bucky019_NamespacesAndClasses.csproj", "{829D6B8F-95CA-4E3A-98DF-9A8BB4B49FD0}"
EndProject
Project("{FAE04EC0-301F-11D3-BF4B-00C04F79EFBC}") = "Bucky020_Constructors", "Bucky020_Constructors\Bucky020_Constructors.csproj", "{E07EA991-7B4C-4C20-90E6-AD49714EAE18}"
EndProject
Project("{FAE04EC0-301F-11D3-BF4B-00C04F79EFBC}") = "Bucky021_AccessModifiersAndStatic", "Bucky021_AccessModifiersAndStatic\Bucky021_AccessModifiersAndStatic.csproj", "{E8480911-CE4D-41E2-9234-05EEC1D725B8}"
EndProject
Project("{FAE04EC0-301F-11D3-BF4B-00C04F79EFBC}") = "Bucky022_OverloadingAndEnumerations", "Bucky022_OverloadingAndEnumerations\Bucky022_OverloadingAndEnumerations.csproj", "{A3565ED3-E07C-40A7-9362-D7924B421A7E}"
EndProject
Project("{FAE04EC0-301F-11D3-BF4B-00C04F79EFBC}") = "Bucky023_CreatingYourOwnProperties", "Bucky023_CreatingYourOwnProperties\Bucky023_CreatingYourOwnProperties.csproj", "{FAFF3458-BD6C-4059-B362-D3132101E292}"
EndProject
Project("{FAE04EC0-301F-11D3-BF4B-00C04F79EFBC}") = "Bucky024_ThrowingExceptions", "Bucky024_ThrowingExceptions\Bucky024_ThrowingExceptions.csproj", "{A8CEB2FF-1B26-4845-9288-EA68FC29C345}"
EndProject
Project("{FAE04EC0-301F-11D3-BF4B-00C04F79EFBC}") = "Bucky025_InheritanceAndOverriding", "Bucky025_InheritanceAndOverriding\Bucky025_InheritanceAndOverriding.csproj", "{7B1CDC65-90FF-4CB6-A797-75027752F929}"
EndProject
Project("{FAE04EC0-301F-11D3-BF4B-00C04F79EFBC}") = "Bucky026_InheritanceAndInterfaces", "Bucky026_InheritanceAndInterfaces\Bucky026_InheritanceAndInterfaces.csproj", "{7751CE04-98A8-4C6A-A52A-253BE4EA7B04}"
EndProject
Project("{FAE04EC0-301F-11D3-BF4B-00C04F79EFBC}") = "Bucky027_Indexers", "Bucky027_Indexers\Bucky027_Indexers.csproj", "{37B53B95-BD46-4906-8CE5-D60ACD6562E9}"
EndProject
Global
	GlobalSection(SolutionConfigurationPlatforms) = preSolution
		Debug|Any CPU = Debug|Any CPU
		Release|Any CPU = Release|Any CPU
	EndGlobalSection
	GlobalSection(ProjectConfigurationPlatforms) = postSolution
		{7DF00E7E-E00F-4AD8-A5A2-92AD0E5350A4}.Debug|Any CPU.ActiveCfg = Debug|Any CPU
		{7DF00E7E-E00F-4AD8-A5A2-92AD0E5350A4}.Debug|Any CPU.Build.0 = Debug|Any CPU
		{7DF00E7E-E00F-4AD8-A5A2-92AD0E5350A4}.Release|Any CPU.ActiveCfg = Release|Any CPU
		{7DF00E7E-E00F-4AD8-A5A2-92AD0E5350A4}.Release|Any CPU.Build.0 = Release|Any CPU
		{FBFB1D1B-AA03-4E23-AD16-780434407381}.Debug|Any CPU.ActiveCfg = Debug|Any CPU
		{FBFB1D1B-AA03-4E23-AD16-780434407381}.Debug|Any CPU.Build.0 = Debug|Any CPU
		{FBFB1D1B-AA03-4E23-AD16-780434407381}.Release|Any CPU.ActiveCfg = Release|Any CPU
		{FBFB1D1B-AA03-4E23-AD16-780434407381}.Release|Any CPU.Build.0 = Release|Any CPU
		{3DD68041-0EE7-4071-A18A-51CB0DC18763}.Debug|Any CPU.ActiveCfg = Debug|Any CPU
		{3DD68041-0EE7-4071-A18A-51CB0DC18763}.Debug|Any CPU.Build.0 = Debug|Any CPU
		{3DD68041-0EE7-4071-A18A-51CB0DC18763}.Release|Any CPU.ActiveCfg = Release|Any CPU
		{3DD68041-0EE7-4071-A18A-51CB0DC18763}.Release|Any CPU.Build.0 = Release|Any CPU
		{2463749E-9B6B-4DA6-A99E-98B53487B17E}.Debug|Any CPU.ActiveCfg = Debug|Any CPU
		{2463749E-9B6B-4DA6-A99E-98B53487B17E}.Debug|Any CPU.Build.0 = Debug|Any CPU
		{2463749E-9B6B-4DA6-A99E-98B53487B17E}.Release|Any CPU.ActiveCfg = Release|Any CPU
		{2463749E-9B6B-4DA6-A99E-98B53487B17E}.Release|Any CPU.Build.0 = Release|Any CPU
		{B605976D-07A0-48DA-AEC8-FB3AB55FDFB3}.Debug|Any CPU.ActiveCfg = Debug|Any CPU
		{B605976D-07A0-48DA-AEC8-FB3AB55FDFB3}.Debug|Any CPU.Build.0 = Debug|Any CPU
		{B605976D-07A0-48DA-AEC8-FB3AB55FDFB3}.Release|Any CPU.ActiveCfg = Release|Any CPU
		{B605976D-07A0-48DA-AEC8-FB3AB55FDFB3}.Release|Any CPU.Build.0 = Release|Any CPU
		{2E52D5D4-48AC-4DA8-9ED6-181D11D9252B}.Debug|Any CPU.ActiveCfg = Debug|Any CPU
		{2E52D5D4-48AC-4DA8-9ED6-181D11D9252B}.Debug|Any CPU.Build.0 = Debug|Any CPU
		{2E52D5D4-48AC-4DA8-9ED6-181D11D9252B}.Release|Any CPU.ActiveCfg = Release|Any CPU
		{2E52D5D4-48AC-4DA8-9ED6-181D11D9252B}.Release|Any CPU.Build.0 = Release|Any CPU
		{A513138C-F111-4F73-8E4E-74E638CF6A4C}.Debug|Any CPU.ActiveCfg = Debug|Any CPU
		{A513138C-F111-4F73-8E4E-74E638CF6A4C}.Debug|Any CPU.Build.0 = Debug|Any CPU
		{A513138C-F111-4F73-8E4E-74E638CF6A4C}.Release|Any CPU.ActiveCfg = Release|Any CPU
		{A513138C-F111-4F73-8E4E-74E638CF6A4C}.Release|Any CPU.Build.0 = Release|Any CPU
		{108F9AAD-0FCE-4AC3-AD7E-A8D7F9FA1BE7}.Debug|Any CPU.ActiveCfg = Debug|Any CPU
		{108F9AAD-0FCE-4AC3-AD7E-A8D7F9FA1BE7}.Debug|Any CPU.Build.0 = Debug|Any CPU
		{108F9AAD-0FCE-4AC3-AD7E-A8D7F9FA1BE7}.Release|Any CPU.ActiveCfg = Release|Any CPU
		{108F9AAD-0FCE-4AC3-AD7E-A8D7F9FA1BE7}.Release|Any CPU.Build.0 = Release|Any CPU
		{2925B902-D953-425B-9E98-65E757D32999}.Debug|Any CPU.ActiveCfg = Debug|Any CPU
		{2925B902-D953-425B-9E98-65E757D32999}.Debug|Any CPU.Build.0 = Debug|Any CPU
		{2925B902-D953-425B-9E98-65E757D32999}.Release|Any CPU.ActiveCfg = Release|Any CPU
		{2925B902-D953-425B-9E98-65E757D32999}.Release|Any CPU.Build.0 = Release|Any CPU
		{97AB7F37-8F77-4CD3-A425-4085917B13DB}.Debug|Any CPU.ActiveCfg = Debug|Any CPU
		{97AB7F37-8F77-4CD3-A425-4085917B13DB}.Debug|Any CPU.Build.0 = Debug|Any CPU
		{97AB7F37-8F77-4CD3-A425-4085917B13DB}.Release|Any CPU.ActiveCfg = Release|Any CPU
		{97AB7F37-8F77-4CD3-A425-4085917B13DB}.Release|Any CPU.Build.0 = Release|Any CPU
		{EB56B9DD-BBF9-46C7-A3BD-81189320FD2E}.Debug|Any CPU.ActiveCfg = Debug|Any CPU
		{EB56B9DD-BBF9-46C7-A3BD-81189320FD2E}.Debug|Any CPU.Build.0 = Debug|Any CPU
		{EB56B9DD-BBF9-46C7-A3BD-81189320FD2E}.Release|Any CPU.ActiveCfg = Release|Any CPU
		{EB56B9DD-BBF9-46C7-A3BD-81189320FD2E}.Release|Any CPU.Build.0 = Release|Any CPU
		{98CD4D80-998A-4D91-B5E2-04D23A6DF373}.Debug|Any CPU.ActiveCfg = Debug|Any CPU
		{98CD4D80-998A-4D91-B5E2-04D23A6DF373}.Debug|Any CPU.Build.0 = Debug|Any CPU
		{98CD4D80-998A-4D91-B5E2-04D23A6DF373}.Release|Any CPU.ActiveCfg = Release|Any CPU
		{98CD4D80-998A-4D91-B5E2-04D23A6DF373}.Release|Any CPU.Build.0 = Release|Any CPU
		{6576C887-592F-4FB1-8AE2-FBBF088A313D}.Debug|Any CPU.ActiveCfg = Debug|Any CPU
		{6576C887-592F-4FB1-8AE2-FBBF088A313D}.Debug|Any CPU.Build.0 = Debug|Any CPU
		{6576C887-592F-4FB1-8AE2-FBBF088A313D}.Release|Any CPU.ActiveCfg = Release|Any CPU
		{6576C887-592F-4FB1-8AE2-FBBF088A313D}.Release|Any CPU.Build.0 = Release|Any CPU
		{0F64405E-DC46-41F2-B13F-86092FCBCE28}.Debug|Any CPU.ActiveCfg = Debug|Any CPU
		{0F64405E-DC46-41F2-B13F-86092FCBCE28}.Debug|Any CPU.Build.0 = Debug|Any CPU
		{0F64405E-DC46-41F2-B13F-86092FCBCE28}.Release|Any CPU.ActiveCfg = Release|Any CPU
		{0F64405E-DC46-41F2-B13F-86092FCBCE28}.Release|Any CPU.Build.0 = Release|Any CPU
		{A737CEFF-3F1A-4A51-96F1-9EE68F9B6240}.Debug|Any CPU.ActiveCfg = Debug|Any CPU
		{A737CEFF-3F1A-4A51-96F1-9EE68F9B6240}.Debug|Any CPU.Build.0 = Debug|Any CPU
		{A737CEFF-3F1A-4A51-96F1-9EE68F9B6240}.Release|Any CPU.ActiveCfg = Release|Any CPU
		{A737CEFF-3F1A-4A51-96F1-9EE68F9B6240}.Release|Any CPU.Build.0 = Release|Any CPU
		{5EF09ECA-D0C6-4C72-889F-E638F4E01156}.Debug|Any CPU.ActiveCfg = Debug|Any CPU
		{5EF09ECA-D0C6-4C72-889F-E638F4E01156}.Debug|Any CPU.Build.0 = Debug|Any CPU
		{5EF09ECA-D0C6-4C72-889F-E638F4E01156}.Release|Any CPU.ActiveCfg = Release|Any CPU
		{5EF09ECA-D0C6-4C72-889F-E638F4E01156}.Release|Any CPU.Build.0 = Release|Any CPU
		{001A4AF1-C6B7-4E1B-A88D-A3873AAF2421}.Debug|Any CPU.ActiveCfg = Debug|Any CPU
		{001A4AF1-C6B7-4E1B-A88D-A3873AAF2421}.Debug|Any CPU.Build.0 = Debug|Any CPU
		{001A4AF1-C6B7-4E1B-A88D-A3873AAF2421}.Release|Any CPU.ActiveCfg = Release|Any CPU
		{001A4AF1-C6B7-4E1B-A88D-A3873AAF2421}.Release|Any CPU.Build.0 = Release|Any CPU
		{829D6B8F-95CA-4E3A-98DF-9A8BB4B49FD0}.Debug|Any CPU.ActiveCfg = Debug|Any CPU
		{829D6B8F-95CA-4E3A-98DF-9A8BB4B49FD0}.Debug|Any CPU.Build.0 = Debug|Any CPU
		{829D6B8F-95CA-4E3A-98DF-9A8BB4B49FD0}.Release|Any CPU.ActiveCfg = Release|Any CPU
		{829D6B8F-95CA-4E3A-98DF-9A8BB4B49FD0}.Release|Any CPU.Build.0 = Release|Any CPU
		{E07EA991-7B4C-4C20-90E6-AD49714EAE18}.Debug|Any CPU.ActiveCfg = Debug|Any CPU
		{E07EA991-7B4C-4C20-90E6-AD49714EAE18}.Debug|Any CPU.Build.0 = Debug|Any CPU
		{E07EA991-7B4C-4C20-90E6-AD49714EAE18}.Release|Any CPU.ActiveCfg = Release|Any CPU
		{E07EA991-7B4C-4C20-90E6-AD49714EAE18}.Release|Any CPU.Build.0 = Release|Any CPU
		{E8480911-CE4D-41E2-9234-05EEC1D725B8}.Debug|Any CPU.ActiveCfg = Debug|Any CPU
		{E8480911-CE4D-41E2-9234-05EEC1D725B8}.Debug|Any CPU.Build.0 = Debug|Any CPU
		{E8480911-CE4D-41E2-9234-05EEC1D725B8}.Release|Any CPU.ActiveCfg = Release|Any CPU
		{E8480911-CE4D-41E2-9234-05EEC1D725B8}.Release|Any CPU.Build.0 = Release|Any CPU
		{A3565ED3-E07C-40A7-9362-D7924B421A7E}.Debug|Any CPU.ActiveCfg = Debug|Any CPU
		{A3565ED3-E07C-40A7-9362-D7924B421A7E}.Debug|Any CPU.Build.0 = Debug|Any CPU
		{A3565ED3-E07C-40A7-9362-D7924B421A7E}.Release|Any CPU.ActiveCfg = Release|Any CPU
		{A3565ED3-E07C-40A7-9362-D7924B421A7E}.Release|Any CPU.Build.0 = Release|Any CPU
		{FAFF3458-BD6C-4059-B362-D3132101E292}.Debug|Any CPU.ActiveCfg = Debug|Any CPU
		{FAFF3458-BD6C-4059-B362-D3132101E292}.Debug|Any CPU.Build.0 = Debug|Any CPU
		{FAFF3458-BD6C-4059-B362-D3132101E292}.Release|Any CPU.ActiveCfg = Release|Any CPU
		{FAFF3458-BD6C-4059-B362-D3132101E292}.Release|Any CPU.Build.0 = Release|Any CPU
		{A8CEB2FF-1B26-4845-9288-EA68FC29C345}.Debug|Any CPU.ActiveCfg = Debug|Any CPU
		{A8CEB2FF-1B26-4845-9288-EA68FC29C345}.Debug|Any CPU.Build.0 = Debug|Any CPU
		{A8CEB2FF-1B26-4845-9288-EA68FC29C345}.Release|Any CPU.ActiveCfg = Release|Any CPU
		{A8CEB2FF-1B26-4845-9288-EA68FC29C345}.Release|Any CPU.Build.0 = Release|Any CPU
		{7B1CDC65-90FF-4CB6-A797-75027752F929}.Debug|Any CPU.ActiveCfg = Debug|Any CPU
		{7B1CDC65-90FF-4CB6-A797-75027752F929}.Debug|Any CPU.Build.0 = Debug|Any CPU
		{7B1CDC65-90FF-4CB6-A797-75027752F929}.Release|Any CPU.ActiveCfg = Release|Any CPU
		{7B1CDC65-90FF-4CB6-A797-75027752F929}.Release|Any CPU.Build.0 = Release|Any CPU
		{7751CE04-98A8-4C6A-A52A-253BE4EA7B04}.Debug|Any CPU.ActiveCfg = Debug|Any CPU
		{7751CE04-98A8-4C6A-A52A-253BE4EA7B04}.Debug|Any CPU.Build.0 = Debug|Any CPU
		{7751CE04-98A8-4C6A-A52A-253BE4EA7B04}.Release|Any CPU.ActiveCfg = Release|Any CPU
		{7751CE04-98A8-4C6A-A52A-253BE4EA7B04}.Release|Any CPU.Build.0 = Release|Any CPU
		{37B53B95-BD46-4906-8CE5-D60ACD6562E9}.Debug|Any CPU.ActiveCfg = Debug|Any CPU
		{37B53B95-BD46-4906-8CE5-D60ACD6562E9}.Debug|Any CPU.Build.0 = Debug|Any CPU
		{37B53B95-BD46-4906-8CE5-D60ACD6562E9}.Release|Any CPU.ActiveCfg = Release|Any CPU
		{37B53B95-BD46-4906-8CE5-D60ACD6562E9}.Release|Any CPU.Build.0 = Release|Any CPU
	EndGlobalSection
	GlobalSection(SolutionProperties) = preSolution
		HideSolutionNode = FALSE
	EndGlobalSection
	GlobalSection(ExtensibilityGlobals) = postSolution
		SolutionGuid = {2BF835D7-8868-45AC-9182-38F690D35D9C}
	EndGlobalSection
EndGlobal
