
Microsoft Visual Studio Solution File, Format Version 12.00
# Visual Studio Version 16
VisualStudioVersion = 16.0.29009.5
MinimumVisualStudioVersion = 10.0.40219.1
Project("{FAE04EC0-301F-11D3-BF4B-00C04F79EFBC}") = "Bucky001_FirstProject", "Bucky001_FirstProject\Bucky001_FirstProject.csproj", "{7DF00E7E-E00F-4AD8-A5A2-92AD0E5350A4}"
EndProject
Project("{FAE04EC0-301F-11D3-BF4B-00C04F79EFBC}") = "Bucky003_ShowingMessageBoxes", "Bucky003_ShowingMessageBoxes\Bucky003_ShowingMessageBoxes.csproj", "{FBFB1D1B-AA03-4E23-AD16-780434407381}"
EndProject
Project("{FAE04EC0-301F-11D3-BF4B-00C04F79EFBC}") = "Bucky004_Variables", "Bucky004_Variables\Bucky004_Variables.csproj", "{3DD68041-0EE7-4071-A18A-51CB0DC18763}"
EndProject
Project("{FAE04EC0-301F-11D3-BF4B-00C04F79EFBC}") = "Bucky005_ChangingPropertiesWithCode", "Bucky005_ChangingPropertiesWithCode\Bucky005_ChangingPropertiesWithCode.csproj", "{2463749E-9B6B-4DA6-A99E-98B53487B17E}"
EndProject
Project("{FAE04EC0-301F-11D3-BF4B-00C04F79EFBC}") = "Bucky006_IfStatements", "Bucky006_IfStatements\Bucky006_IfStatements.csproj", "{B605976D-07A0-48DA-AEC8-FB3AB55FDFB3}"
EndProject
Project("{FAE04EC0-301F-11D3-BF4B-00C04F79EFBC}") = "Bucky007_MoreOnIfStatements", "Bucky007_MoreOnIfStatements\Bucky007_MoreOnIfStatements.csproj", "{2E52D5D4-48AC-4DA8-9ED6-181D11D9252B}"
EndProject
Project("{FAE04EC0-301F-11D3-BF4B-00C04F79EFBC}") = "Bucky008_IfStatements_Part3", "Bucky008_IfStatements_Part3\Bucky008_IfStatements_Part3.csproj", "{A513138C-F111-4F73-8E4E-74E638CF6A4C}"
EndProject
Project("{FAE04EC0-301F-11D3-BF4B-00C04F79EFBC}") = "Bucky009_SwitchStatements", "Bucky009_SwitchStatements\Bucky009_SwitchStatements.csproj", "{108F9AAD-0FCE-4AC3-AD7E-A8D7F9FA1BE7}"
EndProject
Project("{FAE04EC0-301F-11D3-BF4B-00C04F79EFBC}") = "Bucky010_MathematicalOperators", "Bucky010_MathematicalOperators\Bucky010_MathematicalOperators.csproj", "{2925B902-D953-425B-9E98-65E757D32999}"
EndProject
Project("{FAE04EC0-301F-11D3-BF4B-00C04F79EFBC}") = "Bucky011_Arrays", "Bucky011_Arrays\Bucky011_Arrays.csproj", "{97AB7F37-8F77-4CD3-A425-4085917B13DB}"
EndProject
Global
	GlobalSection(SolutionConfigurationPlatforms) = preSolution
		Debug|Any CPU = Debug|Any CPU
		Release|Any CPU = Release|Any CPU
	EndGlobalSection
	GlobalSection(ProjectConfigurationPlatforms) = postSolution
		{7DF00E7E-E00F-4AD8-A5A2-92AD0E5350A4}.Debug|Any CPU.ActiveCfg = Debug|Any CPU
		{7DF00E7E-E00F-4AD8-A5A2-92AD0E5350A4}.Debug|Any CPU.Build.0 = Debug|Any CPU
		{7DF00E7E-E00F-4AD8-A5A2-92AD0E5350A4}.Release|Any CPU.ActiveCfg = Release|Any CPU
		{7DF00E7E-E00F-4AD8-A5A2-92AD0E5350A4}.Release|Any CPU.Build.0 = Release|Any CPU
		{FBFB1D1B-AA03-4E23-AD16-780434407381}.Debug|Any CPU.ActiveCfg = Debug|Any CPU
		{FBFB1D1B-AA03-4E23-AD16-780434407381}.Debug|Any CPU.Build.0 = Debug|Any CPU
		{FBFB1D1B-AA03-4E23-AD16-780434407381}.Release|Any CPU.ActiveCfg = Release|Any CPU
		{FBFB1D1B-AA03-4E23-AD16-780434407381}.Release|Any CPU.Build.0 = Release|Any CPU
		{3DD68041-0EE7-4071-A18A-51CB0DC18763}.Debug|Any CPU.ActiveCfg = Debug|Any CPU
		{3DD68041-0EE7-4071-A18A-51CB0DC18763}.Debug|Any CPU.Build.0 = Debug|Any CPU
		{3DD68041-0EE7-4071-A18A-51CB0DC18763}.Release|Any CPU.ActiveCfg = Release|Any CPU
		{3DD68041-0EE7-4071-A18A-51CB0DC18763}.Release|Any CPU.Build.0 = Release|Any CPU
		{2463749E-9B6B-4DA6-A99E-98B53487B17E}.Debug|Any CPU.ActiveCfg = Debug|Any CPU
		{2463749E-9B6B-4DA6-A99E-98B53487B17E}.Debug|Any CPU.Build.0 = Debug|Any CPU
		{2463749E-9B6B-4DA6-A99E-98B53487B17E}.Release|Any CPU.ActiveCfg = Release|Any CPU
		{2463749E-9B6B-4DA6-A99E-98B53487B17E}.Release|Any CPU.Build.0 = Release|Any CPU
		{B605976D-07A0-48DA-AEC8-FB3AB55FDFB3}.Debug|Any CPU.ActiveCfg = Debug|Any CPU
		{B605976D-07A0-48DA-AEC8-FB3AB55FDFB3}.Debug|Any CPU.Build.0 = Debug|Any CPU
		{B605976D-07A0-48DA-AEC8-FB3AB55FDFB3}.Release|Any CPU.ActiveCfg = Release|Any CPU
		{B605976D-07A0-48DA-AEC8-FB3AB55FDFB3}.Release|Any CPU.Build.0 = Release|Any CPU
		{2E52D5D4-48AC-4DA8-9ED6-181D11D9252B}.Debug|Any CPU.ActiveCfg = Debug|Any CPU
		{2E52D5D4-48AC-4DA8-9ED6-181D11D9252B}.Debug|Any CPU.Build.0 = Debug|Any CPU
		{2E52D5D4-48AC-4DA8-9ED6-181D11D9252B}.Release|Any CPU.ActiveCfg = Release|Any CPU
		{2E52D5D4-48AC-4DA8-9ED6-181D11D9252B}.Release|Any CPU.Build.0 = Release|Any CPU
		{A513138C-F111-4F73-8E4E-74E638CF6A4C}.Debug|Any CPU.ActiveCfg = Debug|Any CPU
		{A513138C-F111-4F73-8E4E-74E638CF6A4C}.Debug|Any CPU.Build.0 = Debug|Any CPU
		{A513138C-F111-4F73-8E4E-74E638CF6A4C}.Release|Any CPU.ActiveCfg = Release|Any CPU
		{A513138C-F111-4F73-8E4E-74E638CF6A4C}.Release|Any CPU.Build.0 = Release|Any CPU
		{108F9AAD-0FCE-4AC3-AD7E-A8D7F9FA1BE7}.Debug|Any CPU.ActiveCfg = Debug|Any CPU
		{108F9AAD-0FCE-4AC3-AD7E-A8D7F9FA1BE7}.Debug|Any CPU.Build.0 = Debug|Any CPU
		{108F9AAD-0FCE-4AC3-AD7E-A8D7F9FA1BE7}.Release|Any CPU.ActiveCfg = Release|Any CPU
		{108F9AAD-0FCE-4AC3-AD7E-A8D7F9FA1BE7}.Release|Any CPU.Build.0 = Release|Any CPU
		{2925B902-D953-425B-9E98-65E757D32999}.Debug|Any CPU.ActiveCfg = Debug|Any CPU
		{2925B902-D953-425B-9E98-65E757D32999}.Debug|Any CPU.Build.0 = Debug|Any CPU
		{2925B902-D953-425B-9E98-65E757D32999}.Release|Any CPU.ActiveCfg = Release|Any CPU
		{2925B902-D953-425B-9E98-65E757D32999}.Release|Any CPU.Build.0 = Release|Any CPU
		{97AB7F37-8F77-4CD3-A425-4085917B13DB}.Debug|Any CPU.ActiveCfg = Debug|Any CPU
		{97AB7F37-8F77-4CD3-A425-4085917B13DB}.Debug|Any CPU.Build.0 = Debug|Any CPU
		{97AB7F37-8F77-4CD3-A425-4085917B13DB}.Release|Any CPU.ActiveCfg = Release|Any CPU
		{97AB7F37-8F77-4CD3-A425-4085917B13DB}.Release|Any CPU.Build.0 = Release|Any CPU
	EndGlobalSection
	GlobalSection(SolutionProperties) = preSolution
		HideSolutionNode = FALSE
	EndGlobalSection
	GlobalSection(ExtensibilityGlobals) = postSolution
		SolutionGuid = {2BF835D7-8868-45AC-9182-38F690D35D9C}
	EndGlobalSection
EndGlobal
