
Microsoft Visual Studio Solution File, Format Version 11.00
# Visual Studio 2010
Project("{FAE04EC0-301F-11D3-BF4B-00C04F79EFBC}") = "RubberChicken", "RubberChicken\RubberChicken\RubberChicken.csproj", "{CA21ED6D-CA3E-4293-8ADC-A203E3C3D1F3}"
EndProject
Project("{96E2B04D-8817-42C6-938A-82C39BA4D311}") = "RubberChickenContent", "RubberChicken\RubberChickenContent\RubberChickenContent.contentproj", "{1239D318-B9C7-42FB-BE7B-5373BD7B0C68}"
EndProject
Global
	GlobalSection(SolutionConfigurationPlatforms) = preSolution
		Debug|x86 = Debug|x86
		Release|x86 = Release|x86
	EndGlobalSection
	GlobalSection(ProjectConfigurationPlatforms) = postSolution
		{CA21ED6D-CA3E-4293-8ADC-A203E3C3D1F3}.Debug|x86.ActiveCfg = Debug|x86
		{CA21ED6D-CA3E-4293-8ADC-A203E3C3D1F3}.Debug|x86.Build.0 = Debug|x86
		{CA21ED6D-CA3E-4293-8ADC-A203E3C3D1F3}.Release|x86.ActiveCfg = Release|x86
		{CA21ED6D-CA3E-4293-8ADC-A203E3C3D1F3}.Release|x86.Build.0 = Release|x86
		{1239D318-B9C7-42FB-BE7B-5373BD7B0C68}.Debug|x86.ActiveCfg = Debug|x86
		{1239D318-B9C7-42FB-BE7B-5373BD7B0C68}.Release|x86.ActiveCfg = Release|x86
	EndGlobalSection
	GlobalSection(SolutionProperties) = preSolution
		HideSolutionNode = FALSE
	EndGlobalSection
EndGlobal
